
Microsoft Visual Studio Solution File, Format Version 12.00
# Visual Studio 15
VisualStudioVersion = 15.0.27703.2035
MinimumVisualStudioVersion = 10.0.40219.1
Project("{FAE04EC0-301F-11D3-BF4B-00C04F79EFBC}") = "prj-cafeteria", "prj-cafeteria\prj-cafeteria.csproj", "{F75777A7-845E-4B9E-BA19-198290CAEE29}"
EndProject
Global
	GlobalSection(SolutionConfigurationPlatforms) = preSolution
		Debug|Any CPU = Debug|Any CPU
		Release|Any CPU = Release|Any CPU
	EndGlobalSection
	GlobalSection(ProjectConfigurationPlatforms) = postSolution
		{F75777A7-845E-4B9E-BA19-198290CAEE29}.Debug|Any CPU.ActiveCfg = Debug|Any CPU
		{F75777A7-845E-4B9E-BA19-198290CAEE29}.Debug|Any CPU.Build.0 = Debug|Any CPU
		{F75777A7-845E-4B9E-BA19-198290CAEE29}.Release|Any CPU.ActiveCfg = Release|Any CPU
		{F75777A7-845E-4B9E-BA19-198290CAEE29}.Release|Any CPU.Build.0 = Release|Any CPU
	EndGlobalSection
	GlobalSection(SolutionProperties) = preSolution
		HideSolutionNode = FALSE
	EndGlobalSection
	GlobalSection(ExtensibilityGlobals) = postSolution
		SolutionGuid = {15D14E1E-B810-40CD-BD57-CA8CDF4C07D7}
	EndGlobalSection
EndGlobal
